
Microsoft Visual Studio Solution File, Format Version 12.00
# Visual Studio Version 16
VisualStudioVersion = 16.0.32126.315
MinimumVisualStudioVersion = 10.0.40219.1
Project("{9A19103F-16F7-4668-BE54-9A1E7A4F7556}") = "TestForIntegrium", "TestForIntegrium\TestForIntegrium.csproj", "{CFB92E5E-763F-4BF9-ABB8-3970C8AFB8CB}"
EndProject
Project("{FAE04EC0-301F-11D3-BF4B-00C04F79EFBC}") = "TestForIntegrium.WebApi", "TestForIntegrium.WebApi\TestForIntegrium.WebApi.csproj", "{DA927553-E1E5-4711-93A9-5B5625E14687}"
EndProject
Global
	GlobalSection(SolutionConfigurationPlatforms) = preSolution
		Debug|Any CPU = Debug|Any CPU
		Release|Any CPU = Release|Any CPU
	EndGlobalSection
	GlobalSection(ProjectConfigurationPlatforms) = postSolution
		{CFB92E5E-763F-4BF9-ABB8-3970C8AFB8CB}.Debug|Any CPU.ActiveCfg = Debug|Any CPU
		{CFB92E5E-763F-4BF9-ABB8-3970C8AFB8CB}.Debug|Any CPU.Build.0 = Debug|Any CPU
		{CFB92E5E-763F-4BF9-ABB8-3970C8AFB8CB}.Release|Any CPU.ActiveCfg = Release|Any CPU
		{CFB92E5E-763F-4BF9-ABB8-3970C8AFB8CB}.Release|Any CPU.Build.0 = Release|Any CPU
		{DA927553-E1E5-4711-93A9-5B5625E14687}.Debug|Any CPU.ActiveCfg = Debug|Any CPU
		{DA927553-E1E5-4711-93A9-5B5625E14687}.Debug|Any CPU.Build.0 = Debug|Any CPU
		{DA927553-E1E5-4711-93A9-5B5625E14687}.Release|Any CPU.ActiveCfg = Release|Any CPU
		{DA927553-E1E5-4711-93A9-5B5625E14687}.Release|Any CPU.Build.0 = Release|Any CPU
	EndGlobalSection
	GlobalSection(SolutionProperties) = preSolution
		HideSolutionNode = FALSE
	EndGlobalSection
	GlobalSection(ExtensibilityGlobals) = postSolution
		SolutionGuid = {BEC62382-A671-413A-B6A3-B57EA08FBB6C}
	EndGlobalSection
EndGlobal
